PODS:
  - MultipleItemsViewModify (0.1.0)

DEPENDENCIES:
  - MultipleItemsViewModify (from `https://github.com/temrov/MultipleItemsViewModify.git`, commit `9cc2962a82b0242c6d19791c68102b6b34d8c4b8`)

EXTERNAL SOURCES:
  MultipleItemsViewModify:
    :commit: 9cc2962a82b0242c6d19791c68102b6b34d8c4b8
    :git: https://github.com/temrov/MultipleItemsViewModify.git

CHECKOUT OPTIONS:
  MultipleItemsViewModify:
    :commit: 9cc2962a82b0242c6d19791c68102b6b34d8c4b8
    :git: https://github.com/temrov/MultipleItemsViewModify.git

SPEC CHECKSUMS:
  MultipleItemsViewModify: 10f40722b2de2bb0ff1edb57860b72119d70a764

PODFILE CHECKSUM: 9d92dc81519f34abb71040490d705f9232556bd6

COCOAPODS: 1.4.0
